github.com/CaiJimmy/hugo-theme-stack/v4 v4.0.0-beta.5 h1:CezJinFPotrNCrOla1qsZEe5YlO8zEzzNYViCAIFLvA=
github.com/CaiJimmy/hugo-theme-stack/v4 v4.0.0-beta.5/go.mod h1:6SWZIQIut6uVjxhLraexYzgtdNDrod0xnfM/to6D/1I=
github.com/CaiJimmy/hugo-theme-stack/v4 v4.0.0-beta.6 h1:QA+XPmZCeEVanXH4OANRtJbB6nA6g65tSpUfS8NwN/o=
github.com/CaiJimmy/hugo-theme-stack/v4 v4.0.0-beta.6/go.mod h1:6SWZIQIut6uVjxhLraexYzgtdNDrod0xnfM/to6D/1I=
github.com/CaiJimmy/hugo-theme-stack/v4 v4.0.0-beta.7 h1:E+WNMJsBkIS3r80GKA6SdTCmrs5g8Nysc/bN+UwBtgU=
github.com/CaiJimmy/hugo-theme-stack/v4 v4.0.0-beta.7/go.mod h1:6SWZIQIut6uVjxhLraexYzgtdNDrod0xnfM/to6D/1I=
github.com/CaiJimmy/hugo-theme-stack/v4 v4.0.0-beta.8 h1:DgM0UkA11TeewENE6OHNOorqX3+kNwQdEq+u04EHvsw=
github.com/CaiJimmy/hugo-theme-stack/v4 v4.0.0-beta.8/go.mod h1:6SWZIQIut6uVjxhLraexYzgtdNDrod0xnfM/to6D/1I=
github.com/CaiJimmy/hugo-theme-stack/v4 v4.0.0-beta.13 h1:721YH7zBimaUZoR6yg9HVe62ljQgkGQZpiKJPDX6vUw=
github.com/CaiJimmy/hugo-theme-stack/v4 v4.0.0-beta.13/go.mod h1:6SWZIQIut6uVjxhLraexYzgtdNDrod0xnfM/to6D/1I=
github.com/CaiJimmy/hugo-theme-stack/v4 v4.0.0-beta.14 h1:kShyJ5+XofCXHYKxTDA6kBjVDsceyvCS3Lny1dUa4jU=
github.com/CaiJimmy/hugo-theme-stack/v4 v4.0.0-beta.14/go.mod h1:6SWZIQIut6uVjxhLraexYzgtdNDrod0xnfM/to6D/1I=
github.com/CaiJimmy/hugo-theme-stack/v4 v4.0.0-beta.15 h1:cGS2Vrgtq13J0vjLJkonH4o3afOvhvqD1Ih4C1OwsR8=
github.com/CaiJimmy/hugo-theme-stack/v4 v4.0.0-beta.15/go.mod h1:6SWZIQIut6uVjxhLraexYzgtdNDrod0xnfM/to6D/1I=
github.com/CaiJimmy/hugo-theme-stack/v4 v4.0.1 h1:CwkJUtXfAtYHlqUI4FhlvnKEgsDgX9ASFAirN5uhBzA=
github.com/CaiJimmy/hugo-theme-stack/v4 v4.0.1/go.mod h1:6SWZIQIut6uVjxhLraexYzgtdNDrod0xnfM/to6D/1I=
